Microsoft Visual Studio Solution File, Format Version 12.00
# Visual Studio Version 17
VisualStudioVersion = 17.5.2.0
MinimumVisualStudioVersion = 10.0.40219.1
Project("{FAE04EC0-301F-11D3-BF4B-00C04F79EFBC}") = "LabWebApp", "LabWebApp.csproj", "{F8C8E23C-AAFF-8293-3325-DC9C5141876F}"
EndProject
Global
	GlobalSection(SolutionConfigurationPlatforms) = preSolution
		Debug|Any CPU = Debug|Any CPU
		Release|Any CPU = Release|Any CPU
	EndGlobalSection
	GlobalSection(ProjectConfigurationPlatforms) = postSolution
		{F8C8E23C-AAFF-8293-3325-DC9C5141876F}.Debug|Any CPU.ActiveCfg = Debug|Any CPU
		{F8C8E23C-AAFF-8293-3325-DC9C5141876F}.Debug|Any CPU.Build.0 = Debug|Any CPU
		{F8C8E23C-AAFF-8293-3325-DC9C5141876F}.Release|Any CPU.ActiveCfg = Release|Any CPU
		{F8C8E23C-AAFF-8293-3325-DC9C5141876F}.Release|Any CPU.Build.0 = Release|Any CPU
	EndGlobalSection
	GlobalSection(SolutionProperties) = preSolution
		HideSolutionNode = FALSE
	EndGlobalSection
	GlobalSection(ExtensibilityGlobals) = postSolution
		SolutionGuid = {B69B8B50-6410-4A80-906F-C186377857E8}
	EndGlobalSection
EndGlobal
